
Microsoft Visual Studio Solution File, Format Version 12.00
# Visual Studio 15
VisualStudioVersion = 15.0.26403.0
MinimumVisualStudioVersion = 10.0.40219.1
Project("{FAE04EC0-301F-11D3-BF4B-00C04F79EFBC}") = "LinearStructures", "LinearStructures\LinearStructures.csproj", "{C6C0494A-6B0B-492E-8311-7B1380291747}"
EndProject
Project("{FAE04EC0-301F-11D3-BF4B-00C04F79EFBC}") = "02", "ConsoleApp1\02.csproj", "{22593972-46CE-4D89-AD71-B076EBB036AB}"
EndProject
Project("{FAE04EC0-301F-11D3-BF4B-00C04F79EFBC}") = "03", "03\03.csproj", "{40717EAA-C7B2-4E2D-8F2B-5D771FFEB2D1}"
EndProject
Project("{FAE04EC0-301F-11D3-BF4B-00C04F79EFBC}") = "04", "04\04.csproj", "{39F509F9-3E80-437C-889C-3CF9F19E652D}"
EndProject
Project("{FAE04EC0-301F-11D3-BF4B-00C04F79EFBC}") = "05", "05\05.csproj", "{FD62B1AE-B46F-4734-8F5D-A67C414E8922}"
EndProject
Project("{FAE04EC0-301F-11D3-BF4B-00C04F79EFBC}") = "06", "06\06.csproj", "{933000B2-CE25-4C31-A69D-7BA6ECDE45D9}"
EndProject
Project("{FAE04EC0-301F-11D3-BF4B-00C04F79EFBC}") = "08", "08\08.csproj", "{05B1192A-E4B2-441B-8B8C-38DD2E1C4B04}"
EndProject
Project("{FAE04EC0-301F-11D3-BF4B-00C04F79EFBC}") = "09", "09\09.csproj", "{399A2B7C-1B62-47B0-92D9-4F012DA54F25}"
EndProject
Global
	GlobalSection(SolutionConfigurationPlatforms) = preSolution
		Debug|Any CPU = Debug|Any CPU
		Release|Any CPU = Release|Any CPU
	EndGlobalSection
	GlobalSection(ProjectConfigurationPlatforms) = postSolution
		{C6C0494A-6B0B-492E-8311-7B1380291747}.Debug|Any CPU.ActiveCfg = Debug|Any CPU
		{C6C0494A-6B0B-492E-8311-7B1380291747}.Debug|Any CPU.Build.0 = Debug|Any CPU
		{C6C0494A-6B0B-492E-8311-7B1380291747}.Release|Any CPU.ActiveCfg = Release|Any CPU
		{C6C0494A-6B0B-492E-8311-7B1380291747}.Release|Any CPU.Build.0 = Release|Any CPU
		{22593972-46CE-4D89-AD71-B076EBB036AB}.Debug|Any CPU.ActiveCfg = Debug|Any CPU
		{22593972-46CE-4D89-AD71-B076EBB036AB}.Debug|Any CPU.Build.0 = Debug|Any CPU
		{22593972-46CE-4D89-AD71-B076EBB036AB}.Release|Any CPU.ActiveCfg = Release|Any CPU
		{22593972-46CE-4D89-AD71-B076EBB036AB}.Release|Any CPU.Build.0 = Release|Any CPU
		{40717EAA-C7B2-4E2D-8F2B-5D771FFEB2D1}.Debug|Any CPU.ActiveCfg = Debug|Any CPU
		{40717EAA-C7B2-4E2D-8F2B-5D771FFEB2D1}.Debug|Any CPU.Build.0 = Debug|Any CPU
		{40717EAA-C7B2-4E2D-8F2B-5D771FFEB2D1}.Release|Any CPU.ActiveCfg = Release|Any CPU
		{40717EAA-C7B2-4E2D-8F2B-5D771FFEB2D1}.Release|Any CPU.Build.0 = Release|Any CPU
		{39F509F9-3E80-437C-889C-3CF9F19E652D}.Debug|Any CPU.ActiveCfg = Debug|Any CPU
		{39F509F9-3E80-437C-889C-3CF9F19E652D}.Debug|Any CPU.Build.0 = Debug|Any CPU
		{39F509F9-3E80-437C-889C-3CF9F19E652D}.Release|Any CPU.ActiveCfg = Release|Any CPU
		{39F509F9-3E80-437C-889C-3CF9F19E652D}.Release|Any CPU.Build.0 = Release|Any CPU
		{FD62B1AE-B46F-4734-8F5D-A67C414E8922}.Debug|Any CPU.ActiveCfg = Debug|Any CPU
		{FD62B1AE-B46F-4734-8F5D-A67C414E8922}.Debug|Any CPU.Build.0 = Debug|Any CPU
		{FD62B1AE-B46F-4734-8F5D-A67C414E8922}.Release|Any CPU.ActiveCfg = Release|Any CPU
		{FD62B1AE-B46F-4734-8F5D-A67C414E8922}.Release|Any CPU.Build.0 = Release|Any CPU
		{933000B2-CE25-4C31-A69D-7BA6ECDE45D9}.Debug|Any CPU.ActiveCfg = Debug|Any CPU
		{933000B2-CE25-4C31-A69D-7BA6ECDE45D9}.Debug|Any CPU.Build.0 = Debug|Any CPU
		{933000B2-CE25-4C31-A69D-7BA6ECDE45D9}.Release|Any CPU.ActiveCfg = Release|Any CPU
		{933000B2-CE25-4C31-A69D-7BA6ECDE45D9}.Release|Any CPU.Build.0 = Release|Any CPU
		{05B1192A-E4B2-441B-8B8C-38DD2E1C4B04}.Debug|Any CPU.ActiveCfg = Debug|Any CPU
		{05B1192A-E4B2-441B-8B8C-38DD2E1C4B04}.Debug|Any CPU.Build.0 = Debug|Any CPU
		{05B1192A-E4B2-441B-8B8C-38DD2E1C4B04}.Release|Any CPU.ActiveCfg = Release|Any CPU
		{05B1192A-E4B2-441B-8B8C-38DD2E1C4B04}.Release|Any CPU.Build.0 = Release|Any CPU
		{399A2B7C-1B62-47B0-92D9-4F012DA54F25}.Debug|Any CPU.ActiveCfg = Debug|Any CPU
		{399A2B7C-1B62-47B0-92D9-4F012DA54F25}.Debug|Any CPU.Build.0 = Debug|Any CPU
		{399A2B7C-1B62-47B0-92D9-4F012DA54F25}.Release|Any CPU.ActiveCfg = Release|Any CPU
		{399A2B7C-1B62-47B0-92D9-4F012DA54F25}.Release|Any CPU.Build.0 = Release|Any CPU
	EndGlobalSection
	GlobalSection(SolutionProperties) = preSolution
		HideSolutionNode = FALSE
	EndGlobalSection
EndGlobal
